// !$*UTF8*$!
{
	archiveVersion = 1;
	classes = {
	};
	objectVersion = 46;
	objects = {

/* Begin PBXBuildFile section */
		12CC94B919930954009F49AC /* GSEMessageModel.h in Headers */ = {isa = PBXBuildFile; fileRef = 12CC94B719930954009F49AC /* GSEMessageModel.h */; };
		12CC94BA19930954009F49AC /* GSEMessageModel.m in Sources */ = {isa = PBXBuildFile; fileRef = 12CC94B819930954009F49AC /* GSEMessageModel.m */; };
		12D105BE199469FD00D21C2F /* Gossip.h in Headers */ = {isa = PBXBuildFile; fileRef = 12D1059F199469FD00D21C2F /* Gossip.h */; };
		12D105BF199469FD00D21C2F /* GSAccount.h in Headers */ = {isa = PBXBuildFile; fileRef = 12D105A0199469FD00D21C2F /* GSAccount.h */; };
		12D105C0199469FD00D21C2F /* GSAccount.m in Sources */ = {isa = PBXBuildFile; fileRef = 12D105A1199469FD00D21C2F /* GSAccount.m */; };
		12D105C1199469FD00D21C2F /* GSAccount+Private.h in Headers */ = {isa = PBXBuildFile; fileRef = 12D105A2199469FD00D21C2F /* GSAccount+Private.h */; };
		12D105C2199469FD00D21C2F /* GSAccountConfiguration.h in Headers */ = {isa = PBXBuildFile; fileRef = 12D105A3199469FD00D21C2F /* GSAccountConfiguration.h */; };
		12D105C3199469FD00D21C2F /* GSAccountConfiguration.m in Sources */ = {isa = PBXBuildFile; fileRef = 12D105A4199469FD00D21C2F /* GSAccountConfiguration.m */; };
		12D105C4199469FD00D21C2F /* GSCall.h in Headers */ = {isa = PBXBuildFile; fileRef = 12D105A5199469FD00D21C2F /* GSCall.h */; };
		12D105C5199469FD00D21C2F /* GSCall.m in Sources */ = {isa = PBXBuildFile; fileRef = 12D105A6199469FD00D21C2F /* GSCall.m */; };
		12D105C6199469FD00D21C2F /* GSCall+Private.h in Headers */ = {isa = PBXBuildFile; fileRef = 12D105A7199469FD00D21C2F /* GSCall+Private.h */; };
		12D105C7199469FD00D21C2F /* GSCodecInfo.h in Headers */ = {isa = PBXBuildFile; fileRef = 12D105A8199469FD00D21C2F /* GSCodecInfo.h */; };
		12D105C8199469FD00D21C2F /* GSCodecInfo.m in Sources */ = {isa = PBXBuildFile; fileRef = 12D105A9199469FD00D21C2F /* GSCodecInfo.m */; };
		12D105C9199469FD00D21C2F /* GSCodecInfo+Private.h in Headers */ = {isa = PBXBuildFile; fileRef = 12D105AA199469FD00D21C2F /* GSCodecInfo+Private.h */; };
		12D105CA199469FD00D21C2F /* GSConfiguration.h in Headers */ = {isa = PBXBuildFile; fileRef = 12D105AB199469FD00D21C2F /* GSConfiguration.h */; };
		12D105CB199469FD00D21C2F /* GSConfiguration.m in Sources */ = {isa = PBXBuildFile; fileRef = 12D105AC199469FD00D21C2F /* GSConfiguration.m */; };
		12D105CC199469FD00D21C2F /* GSDispatch.h in Headers */ = {isa = PBXBuildFile; fileRef = 12D105AD199469FD00D21C2F /* GSDispatch.h */; };
		12D105CD199469FD00D21C2F /* GSDispatch.m in Sources */ = {isa = PBXBuildFile; fileRef = 12D105AE199469FD00D21C2F /* GSDispatch.m */; };
		12D105CE199469FD00D21C2F /* GSIncomingCall.h in Headers */ = {isa = PBXBuildFile; fileRef = 12D105AF199469FD00D21C2F /* GSIncomingCall.h */; };
		12D105CF199469FD00D21C2F /* GSIncomingCall.m in Sources */ = {isa = PBXBuildFile; fileRef = 12D105B0199469FD00D21C2F /* GSIncomingCall.m */; };
		12D105D0199469FD00D21C2F /* GSNotifications.h in Headers */ = {isa = PBXBuildFile; fileRef = 12D105B1199469FD00D21C2F /* GSNotifications.h */; };
		12D105D1199469FD00D21C2F /* GSNotifications.m in Sources */ = {isa = PBXBuildFile; fileRef = 12D105B2199469FD00D21C2F /* GSNotifications.m */; };
		12D105D2199469FD00D21C2F /* GSOutgoingCall.h in Headers */ = {isa = PBXBuildFile; fileRef = 12D105B3199469FD00D21C2F /* GSOutgoingCall.h */; };
		12D105D3199469FD00D21C2F /* GSOutgoingCall.m in Sources */ = {isa = PBXBuildFile; fileRef = 12D105B4199469FD00D21C2F /* GSOutgoingCall.m */; };
		12D105D4199469FD00D21C2F /* GSPJUtil.h in Headers */ = {isa = PBXBuildFile; fileRef = 12D105B5199469FD00D21C2F /* GSPJUtil.h */; };
		12D105D5199469FD00D21C2F /* GSPJUtil.m in Sources */ = {isa = PBXBuildFile; fileRef = 12D105B6199469FD00D21C2F /* GSPJUtil.m */; };
		12D105D6199469FD00D21C2F /* GSRingback.h in Headers */ = {isa = PBXBuildFile; fileRef = 12D105B7199469FD00D21C2F /* GSRingback.h */; };
		12D105D7199469FD00D21C2F /* GSRingback.m in Sources */ = {isa = PBXBuildFile; fileRef = 12D105B8199469FD00D21C2F /* GSRingback.m */; };
		12D105D8199469FD00D21C2F /* GSUserAgent.h in Headers */ = {isa = PBXBuildFile; fileRef = 12D105B9199469FD00D21C2F /* GSUserAgent.h */; };
		12D105D9199469FD00D21C2F /* GSUserAgent.m in Sources */ = {isa = PBXBuildFile; fileRef = 12D105BA199469FD00D21C2F /* GSUserAgent.m */; };
		12D105DA199469FD00D21C2F /* GSUserAgent+Private.h in Headers */ = {isa = PBXBuildFile; fileRef = 12D105BB199469FD00D21C2F /* GSUserAgent+Private.h */; };
		12D105DB199469FD00D21C2F /* PJSIP.h in Headers */ = {isa = PBXBuildFile; fileRef = 12D105BC199469FD00D21C2F /* PJSIP.h */; };
		12D105DC199469FD00D21C2F /* Util.h in Headers */ = {isa = PBXBuildFile; fileRef = 12D105BD199469FD00D21C2F /* Util.h */; };
		12D105DF19946BEA00D21C2F /* libGossip.a in Frameworks */ = {isa = PBXBuildFile; fileRef = 22AD824315A5987C0000D05C /* libGossip.a */; };
		12D7B39719922C7900A0F34E /* GSEMessageInitController.h in Headers */ = {isa = PBXBuildFile; fileRef = 12D7B39519922C7900A0F34E /* GSEMessageInitController.h */; };
		12D7B39819922C7900A0F34E /* GSEMessageInitController.m in Sources */ = {isa = PBXBuildFile; fileRef = 12D7B39619922C7900A0F34E /* GSEMessageInitController.m */; };
		12D7B39B19922EFD00A0F34E /* GSEMessageViewController.h in Headers */ = {isa = PBXBuildFile; fileRef = 12D7B39919922EFD00A0F34E /* GSEMessageViewController.h */; };
		12D7B39C19922EFD00A0F34E /* GSEMessageViewController.m in Sources */ = {isa = PBXBuildFile; fileRef = 12D7B39A19922EFD00A0F34E /* GSEMessageViewController.m */; };
		221BED7F15B0310000464679 /* GSECodecsViewController.m in Sources */ = {isa = PBXBuildFile; fileRef = 221BED7E15B0310000464679 /* GSECodecsViewController.m */; };
		2242FB8B15A6D8A500B34D4F /* CoreAudio.framework in Frameworks */ = {isa = PBXBuildFile; fileRef = 2242FB8A15A6D8A500B34D4F /* CoreAudio.framework */; };
		2242FB8D15A6D8B000B34D4F /* CFNetwork.framework in Frameworks */ = {isa = PBXBuildFile; fileRef = 2242FB8C15A6D8B000B34D4F /* CFNetwork.framework */; };
		2242FB8F15A6D8D400B34D4F /* CFNetwork.framework in Frameworks */ = {isa = PBXBuildFile; fileRef = 2242FB8C15A6D8B000B34D4F /* CFNetwork.framework */; };
		2242FB9015A6D8D600B34D4F /* CoreAudio.framework in Frameworks */ = {isa = PBXBuildFile; fileRef = 2242FB8A15A6D8A500B34D4F /* CoreAudio.framework */; };
		2242FB9515A6D90000B34D4F /* AVFoundation.framework in Frameworks */ = {isa = PBXBuildFile; fileRef = 2242FB9315A6D8FC00B34D4F /* AVFoundation.framework */; };
		2242FB9615A6D90000B34D4F /* AudioToolbox.framework in Frameworks */ = {isa = PBXBuildFile; fileRef = 2242FB9115A6D8F500B34D4F /* AudioToolbox.framework */; };
		224A004A15A6FD9B00CC5890 /* GSEMenuViewController.m in Sources */ = {isa = PBXBuildFile; fileRef = 224A004715A6FD9800CC5890 /* GSEMenuViewController.m */; };
		224A004D15A6FFBC00CC5890 /* GSEMenuViewController.xib in Resources */ = {isa = PBXBuildFile; fileRef = 224A004C15A6FFBC00CC5890 /* GSEMenuViewController.xib */; };
		224AFFF115A6E9C900CC5890 /* CoreMedia.framework in Frameworks */ = {isa = PBXBuildFile; fileRef = 224AFFEF15A6E9C500CC5890 /* CoreMedia.framework */; };
		224AFFF215A6E9C900CC5890 /* CoreVideo.framework in Frameworks */ = {isa = PBXBuildFile; fileRef = 224AFFED15A6E9AB00CC5890 /* CoreVideo.framework */; };
		224AFFF315A6E9D200CC5890 /* AudioToolbox.framework in Frameworks */ = {isa = PBXBuildFile; fileRef = 2242FB9115A6D8F500B34D4F /* AudioToolbox.framework */; };
		224AFFF415A6E9D200CC5890 /* AVFoundation.framework in Frameworks */ = {isa = PBXBuildFile; fileRef = 2242FB9315A6D8FC00B34D4F /* AVFoundation.framework */; };
		224AFFF515A6E9E200CC5890 /* CoreMedia.framework in Frameworks */ = {isa = PBXBuildFile; fileRef = 224AFFEF15A6E9C500CC5890 /* CoreMedia.framework */; };
		224AFFF615A6E9E200CC5890 /* CoreVideo.framework in Frameworks */ = {isa = PBXBuildFile; fileRef = 224AFFED15A6E9AB00CC5890 /* CoreVideo.framework */; };
		224AFFF715A6E9F600CC5890 /* CoreGraphics.framework in Frameworks */ = {isa = PBXBuildFile; fileRef = 224EFF9115A6D27600CD541C /* CoreGraphics.framework */; };
		224EFF8F15A6D27600CD541C /* UIKit.framework in Frameworks */ = {isa = PBXBuildFile; fileRef = 224EFF8E15A6D27600CD541C /* UIKit.framework */; };
		224EFF9015A6D27600CD541C /* Foundation.framework in Frameworks */ = {isa = PBXBuildFile; fileRef = 22AD824615A5987C0000D05C /* Foundation.framework */; };
		224EFF9215A6D27600CD541C /* CoreGraphics.framework in Frameworks */ = {isa = PBXBuildFile; fileRef = 224EFF9115A6D27600CD541C /* CoreGraphics.framework */; };
		224EFF9815A6D27600CD541C /* InfoPlist.strings in Resources */ = {isa = PBXBuildFile; fileRef = 224EFF9615A6D27600CD541C /* InfoPlist.strings */; };
		224EFF9A15A6D27600CD541C /* main.m in Sources */ = {isa = PBXBuildFile; fileRef = 224EFF9915A6D27600CD541C /* main.m */; };
		224EFF9E15A6D27600CD541C /* GSEAppDelegate.m in Sources */ = {isa = PBXBuildFile; fileRef = 224EFF9D15A6D27600CD541C /* GSEAppDelegate.m */; };
		224EFFAD15A6D39200CD541C /* GSERootViewController.m in Sources */ = {isa = PBXBuildFile; fileRef = 224EFFAA15A6D37D00CD541C /* GSERootViewController.m */; };
		224EFFB615A6D7D000CD541C /* GSEConfigurationViewController.m in Sources */ = {isa = PBXBuildFile; fileRef = 224EFFB315A6D7C300CD541C /* GSEConfigurationViewController.m */; };
		22639AE019718AC4004BD40C /* libg7221codec-arm-apple-darwin9.a in Frameworks */ = {isa = PBXBuildFile; fileRef = 22639ACD19718AC4004BD40C /* libg7221codec-arm-apple-darwin9.a */; };
		22639AE119718AC4004BD40C /* libgsmcodec-arm-apple-darwin9.a in Frameworks */ = {isa = PBXBuildFile; fileRef = 22639ACE19718AC4004BD40C /* libgsmcodec-arm-apple-darwin9.a */; };
		22639AE219718AC4004BD40C /* libilbccodec-arm-apple-darwin9.a in Frameworks */ = {isa = PBXBuildFile; fileRef = 22639ACF19718AC4004BD40C /* libilbccodec-arm-apple-darwin9.a */; };
		22639AE319718AC4004BD40C /* libpj-arm-apple-darwin9.a in Frameworks */ = {isa = PBXBuildFile; fileRef = 22639AD019718AC4004BD40C /* libpj-arm-apple-darwin9.a */; };
		22639AE419718AC4004BD40C /* libpjlib-util-arm-apple-darwin9.a in Frameworks */ = {isa = PBXBuildFile; fileRef = 22639AD119718AC4004BD40C /* libpjlib-util-arm-apple-darwin9.a */; };
		22639AE519718AC4004BD40C /* libpjmedia-arm-apple-darwin9.a in Frameworks */ = {isa = PBXBuildFile; fileRef = 22639AD219718AC4004BD40C /* libpjmedia-arm-apple-darwin9.a */; };
		22639AE619718AC4004BD40C /* libpjmedia-audiodev-arm-apple-darwin9.a in Frameworks */ = {isa = PBXBuildFile; fileRef = 22639AD319718AC4004BD40C /* libpjmedia-audiodev-arm-apple-darwin9.a */; };
		22639AE719718AC4004BD40C /* libpjmedia-codec-arm-apple-darwin9.a in Frameworks */ = {isa = PBXBuildFile; fileRef = 22639AD419718AC4004BD40C /* libpjmedia-codec-arm-apple-darwin9.a */; };
		22639AE819718AC4004BD40C /* libpjmedia-videodev-arm-apple-darwin9.a in Frameworks */ = {isa = PBXBuildFile; fileRef = 22639AD519718AC4004BD40C /* libpjmedia-videodev-arm-apple-darwin9.a */; };
		22639AE919718AC4004BD40C /* libpjnath-arm-apple-darwin9.a in Frameworks */ = {isa = PBXBuildFile; fileRef = 22639AD619718AC4004BD40C /* libpjnath-arm-apple-darwin9.a */; };
		22639AEA19718AC4004BD40C /* libpjsdp-arm-apple-darwin9.a in Frameworks */ = {isa = PBXBuildFile; fileRef = 22639AD719718AC4004BD40C /* libpjsdp-arm-apple-darwin9.a */; };
		22639AEB19718AC4004BD40C /* libpjsip-arm-apple-darwin9.a in Frameworks */ = {isa = PBXBuildFile; fileRef = 22639AD819718AC4004BD40C /* libpjsip-arm-apple-darwin9.a */; };
		22639AEC19718AC4004BD40C /* libpjsip-simple-arm-apple-darwin9.a in Frameworks */ = {isa = PBXBuildFile; fileRef = 22639AD919718AC4004BD40C /* libpjsip-simple-arm-apple-darwin9.a */; };
		22639AED19718AC4004BD40C /* libpjsip-ua-arm-apple-darwin9.a in Frameworks */ = {isa = PBXBuildFile; fileRef = 22639ADA19718AC4004BD40C /* libpjsip-ua-arm-apple-darwin9.a */; };
		22639AEE19718AC4004BD40C /* libpjsua-arm-apple-darwin9.a in Frameworks */ = {isa = PBXBuildFile; fileRef = 22639ADB19718AC4004BD40C /* libpjsua-arm-apple-darwin9.a */; };
		22639AEF19718AC4004BD40C /* libpjsua2-arm-apple-darwin9.a in Frameworks */ = {isa = PBXBuildFile; fileRef = 22639ADC19718AC4004BD40C /* libpjsua2-arm-apple-darwin9.a */; };
		22639AF019718AC4004BD40C /* libresample-arm-apple-darwin9.a in Frameworks */ = {isa = PBXBuildFile; fileRef = 22639ADD19718AC4004BD40C /* libresample-arm-apple-darwin9.a */; };
		22639AF119718AC4004BD40C /* libspeex-arm-apple-darwin9.a in Frameworks */ = {isa = PBXBuildFile; fileRef = 22639ADE19718AC4004BD40C /* libspeex-arm-apple-darwin9.a */; };
		22639AF219718AC4004BD40C /* libsrtp-arm-apple-darwin9.a in Frameworks */ = {isa = PBXBuildFile; fileRef = 22639ADF19718AC4004BD40C /* libsrtp-arm-apple-darwin9.a */; };
		226F92B215DB9D260013A997 /* ringtone.wav in Resources */ = {isa = PBXBuildFile; fileRef = 22C0F0F115D52676006947BC /* ringtone.wav */; };
		227D1BC7161ADE2D003247EB /* Default-568h@2x.png in Resources */ = {isa = PBXBuildFile; fileRef = 227D1BC6161ADE2D003247EB /* Default-568h@2x.png */; };
		22AD824715A5987C0000D05C /* Foundation.framework in Frameworks */ = {isa = PBXBuildFile; fileRef = 22AD824615A5987C0000D05C /* Foundation.framework */; };
		22D43D9115AAC9120099C79F /* GSECallInitController.m in Sources */ = {isa = PBXBuildFile; fileRef = 22D43D8E15AAC90B0099C79F /* GSECallInitController.m */; };
		22D43D9415AACD680099C79F /* GSECallViewController.m in Sources */ = {isa = PBXBuildFile; fileRef = 22D43D9315AACD680099C79F /* GSECallViewController.m */; };
		22D43D9615AACFAD0099C79F /* GSECallViewController.xib in Resources */ = {isa = PBXBuildFile; fileRef = 22D43D9515AACFAD0099C79F /* GSECallViewController.xib */; };
/* End PBXBuildFile section */

/* Begin PBXContainerItemProxy section */
		12D105DD19946A4600D21C2F /* PBXContainerItemProxy */ = {
			isa = PBXContainerItemProxy;
			containerPortal = 22AD823A15A5987C0000D05C /* Project object */;
			proxyType = 1;
			remoteGlobalIDString = 22AD824215A5987C0000D05C;
			remoteInfo = Gossip;
		};
/* End PBXContainerItemProxy section */

/* Begin PBXFileReference section */
		12CC94B719930954009F49AC /* GSEMessageModel.h */ = {isa = PBXFileReference; fileEncoding = 4; lastKnownFileType = sourcecode.c.h; path = GSEMessageModel.h; sourceTree = "<group>"; };
		12CC94B819930954009F49AC /* GSEMessageModel.m */ = {isa = PBXFileReference; fileEncoding = 4; lastKnownFileType = sourcecode.c.objc; path = GSEMessageModel.m; sourceTree = "<group>"; };
		12D1059F199469FD00D21C2F /* Gossip.h */ = {isa = PBXFileReference; fileEncoding = 4; lastKnownFileType = sourcecode.c.h; path = Gossip.h; sourceTree = "<group>"; };
		12D105A0199469FD00D21C2F /* GSAccount.h */ = {isa = PBXFileReference; fileEncoding = 4; lastKnownFileType = sourcecode.c.h; path = GSAccount.h; sourceTree = "<group>"; };
		12D105A1199469FD00D21C2F /* GSAccount.m */ = {isa = PBXFileReference; fileEncoding = 4; lastKnownFileType = sourcecode.c.objc; path = GSAccount.m; sourceTree = "<group>"; };
		12D105A2199469FD00D21C2F /* GSAccount+Private.h */ = {isa = PBXFileReference; fileEncoding = 4; lastKnownFileType = sourcecode.c.h; path = "GSAccount+Private.h"; sourceTree = "<group>"; };
		12D105A3199469FD00D21C2F /* GSAccountConfiguration.h */ = {isa = PBXFileReference; fileEncoding = 4; lastKnownFileType = sourcecode.c.h; path = GSAccountConfiguration.h; sourceTree = "<group>"; };
		12D105A4199469FD00D21C2F /* GSAccountConfiguration.m */ = {isa = PBXFileReference; fileEncoding = 4; lastKnownFileType = sourcecode.c.objc; path = GSAccountConfiguration.m; sourceTree = "<group>"; };
		12D105A5199469FD00D21C2F /* GSCall.h */ = {isa = PBXFileReference; fileEncoding = 4; lastKnownFileType = sourcecode.c.h; path = GSCall.h; sourceTree = "<group>"; };
		12D105A6199469FD00D21C2F /* GSCall.m */ = {isa = PBXFileReference; fileEncoding = 4; lastKnownFileType = sourcecode.c.objc; path = GSCall.m; sourceTree = "<group>"; };
		12D105A7199469FD00D21C2F /* GSCall+Private.h */ = {isa = PBXFileReference; fileEncoding = 4; lastKnownFileType = sourcecode.c.h; path = "GSCall+Private.h"; sourceTree = "<group>"; };
		12D105A8199469FD00D21C2F /* GSCodecInfo.h */ = {isa = PBXFileReference; fileEncoding = 4; lastKnownFileType = sourcecode.c.h; path = GSCodecInfo.h; sourceTree = "<group>"; };
		12D105A9199469FD00D21C2F /* GSCodecInfo.m */ = {isa = PBXFileReference; fileEncoding = 4; lastKnownFileType = sourcecode.c.objc; path = GSCodecInfo.m; sourceTree = "<group>"; };
		12D105AA199469FD00D21C2F /* GSCodecInfo+Private.h */ = {isa = PBXFileReference; fileEncoding = 4; lastKnownFileType = sourcecode.c.h; path = "GSCodecInfo+Private.h"; sourceTree = "<group>"; };
		12D105AB199469FD00D21C2F /* GSConfiguration.h */ = {isa = PBXFileReference; fileEncoding = 4; lastKnownFileType = sourcecode.c.h; path = GSConfiguration.h; sourceTree = "<group>"; };
		12D105AC199469FD00D21C2F /* GSConfiguration.m */ = {isa = PBXFileReference; fileEncoding = 4; lastKnownFileType = sourcecode.c.objc; path = GSConfiguration.m; sourceTree = "<group>"; };
		12D105AD199469FD00D21C2F /* GSDispatch.h */ = {isa = PBXFileReference; fileEncoding = 4; lastKnownFileType = sourcecode.c.h; path = GSDispatch.h; sourceTree = "<group>"; };
		12D105AE199469FD00D21C2F /* GSDispatch.m */ = {isa = PBXFileReference; fileEncoding = 4; lastKnownFileType = sourcecode.c.objc; path = GSDispatch.m; sourceTree = "<group>"; };
		12D105AF199469FD00D21C2F /* GSIncomingCall.h */ = {isa = PBXFileReference; fileEncoding = 4; lastKnownFileType = sourcecode.c.h; path = GSIncomingCall.h; sourceTree = "<group>"; };
		12D105B0199469FD00D21C2F /* GSIncomingCall.m */ = {isa = PBXFileReference; fileEncoding = 4; lastKnownFileType = sourcecode.c.objc; path = GSIncomingCall.m; sourceTree = "<group>"; };
		12D105B1199469FD00D21C2F /* GSNotifications.h */ = {isa = PBXFileReference; fileEncoding = 4; lastKnownFileType = sourcecode.c.h; path = GSNotifications.h; sourceTree = "<group>"; };
		12D105B2199469FD00D21C2F /* GSNotifications.m */ = {isa = PBXFileReference; fileEncoding = 4; lastKnownFileType = sourcecode.c.objc; path = GSNotifications.m; sourceTree = "<group>"; };
		12D105B3199469FD00D21C2F /* GSOutgoingCall.h */ = {isa = PBXFileReference; fileEncoding = 4; lastKnownFileType = sourcecode.c.h; path = GSOutgoingCall.h; sourceTree = "<group>"; };
		12D105B4199469FD00D21C2F /* GSOutgoingCall.m */ = {isa = PBXFileReference; fileEncoding = 4; lastKnownFileType = sourcecode.c.objc; path = GSOutgoingCall.m; sourceTree = "<group>"; };
		12D105B5199469FD00D21C2F /* GSPJUtil.h */ = {isa = PBXFileReference; fileEncoding = 4; lastKnownFileType = sourcecode.c.h; path = GSPJUtil.h; sourceTree = "<group>"; };
		12D105B6199469FD00D21C2F /* GSPJUtil.m */ = {isa = PBXFileReference; fileEncoding = 4; lastKnownFileType = sourcecode.c.objc; path = GSPJUtil.m; sourceTree = "<group>"; };
		12D105B7199469FD00D21C2F /* GSRingback.h */ = {isa = PBXFileReference; fileEncoding = 4; lastKnownFileType = sourcecode.c.h; path = GSRingback.h; sourceTree = "<group>"; };
		12D105B8199469FD00D21C2F /* GSRingback.m */ = {isa = PBXFileReference; fileEncoding = 4; lastKnownFileType = sourcecode.c.objc; path = GSRingback.m; sourceTree = "<group>"; };
		12D105B9199469FD00D21C2F /* GSUserAgent.h */ = {isa = PBXFileReference; fileEncoding = 4; lastKnownFileType = sourcecode.c.h; path = GSUserAgent.h; sourceTree = "<group>"; };
		12D105BA199469FD00D21C2F /* GSUserAgent.m */ = {isa = PBXFileReference; fileEncoding = 4; lastKnownFileType = sourcecode.c.objc; path = GSUserAgent.m; sourceTree = "<group>"; };
		12D105BB199469FD00D21C2F /* GSUserAgent+Private.h */ = {isa = PBXFileReference; fileEncoding = 4; lastKnownFileType = sourcecode.c.h; path = "GSUserAgent+Private.h"; sourceTree = "<group>"; };
		12D105BC199469FD00D21C2F /* PJSIP.h */ = {isa = PBXFileReference; fileEncoding = 4; lastKnownFileType = sourcecode.c.h; path = PJSIP.h; sourceTree = "<group>"; };
		12D105BD199469FD00D21C2F /* Util.h */ = {isa = PBXFileReference; fileEncoding = 4; lastKnownFileType = sourcecode.c.h; path = Util.h; sourceTree = "<group>"; };
		12D7B39519922C7900A0F34E /* GSEMessageInitController.h */ = {isa = PBXFileReference; fileEncoding = 4; lastKnownFileType = sourcecode.c.h; path = GSEMessageInitController.h; sourceTree = "<group>"; };
		12D7B39619922C7900A0F34E /* GSEMessageInitController.m */ = {isa = PBXFileReference; fileEncoding = 4; lastKnownFileType = sourcecode.c.objc; path = GSEMessageInitController.m; sourceTree = "<group>"; };
		12D7B39919922EFD00A0F34E /* GSEMessageViewController.h */ = {isa = PBXFileReference; fileEncoding = 4; lastKnownFileType = sourcecode.c.h; path = GSEMessageViewController.h; sourceTree = "<group>"; };
		12D7B39A19922EFD00A0F34E /* GSEMessageViewController.m */ = {isa = PBXFileReference; fileEncoding = 4; lastKnownFileType = sourcecode.c.objc; path = GSEMessageViewController.m; sourceTree = "<group>"; };
		221BED7D15B0310000464679 /* GSECodecsViewController.h */ = {isa = PBXFileReference; fileEncoding = 4; lastKnownFileType = sourcecode.c.h; path = GSECodecsViewController.h; sourceTree = "<group>"; };
		221BED7E15B0310000464679 /* GSECodecsViewController.m */ = {isa = PBXFileReference; fileEncoding = 4; lastKnownFileType = sourcecode.c.objc; path = GSECodecsViewController.m; sourceTree = "<group>"; };
		2242FB8A15A6D8A500B34D4F /* CoreAudio.framework */ = {isa = PBXFileReference; lastKnownFileType = wrapper.framework; name = CoreAudio.framework; path = System/Library/Frameworks/CoreAudio.framework; sourceTree = SDKROOT; };
		2242FB8C15A6D8B000B34D4F /* CFNetwork.framework */ = {isa = PBXFileReference; lastKnownFileType = wrapper.framework; name = CFNetwork.framework; path = System/Library/Frameworks/CFNetwork.framework; sourceTree = SDKROOT; };
		2242FB9115A6D8F500B34D4F /* AudioToolbox.framework */ = {isa = PBXFileReference; lastKnownFileType = wrapper.framework; name = AudioToolbox.framework; path = System/Library/Frameworks/AudioToolbox.framework; sourceTree = SDKROOT; };
		2242FB9315A6D8FC00B34D4F /* AVFoundation.framework */ = {isa = PBXFileReference; lastKnownFileType = wrapper.framework; name = AVFoundation.framework; path = System/Library/Frameworks/AVFoundation.framework; sourceTree = SDKROOT; };
		224A004615A6FD9800CC5890 /* GSEMenuViewController.h */ = {isa = PBXFileReference; fileEncoding = 4; lastKnownFileType = sourcecode.c.h; path = GSEMenuViewController.h; sourceTree = "<group>"; };
		224A004715A6FD9800CC5890 /* GSEMenuViewController.m */ = {isa = PBXFileReference; fileEncoding = 4; lastKnownFileType = sourcecode.c.objc; path = GSEMenuViewController.m; sourceTree = "<group>"; };
		224A004C15A6FFBC00CC5890 /* GSEMenuViewController.xib */ = {isa = PBXFileReference; fileEncoding = 4; lastKnownFileType = file.xib; path = GSEMenuViewController.xib; sourceTree = "<group>"; };
		224AFFED15A6E9AB00CC5890 /* CoreVideo.framework */ = {isa = PBXFileReference; lastKnownFileType = wrapper.framework; name = CoreVideo.framework; path = System/Library/Frameworks/CoreVideo.framework; sourceTree = SDKROOT; };
		224AFFEF15A6E9C500CC5890 /* CoreMedia.framework */ = {isa = PBXFileReference; lastKnownFileType = wrapper.framework; name = CoreMedia.framework; path = System/Library/Frameworks/CoreMedia.framework; sourceTree = SDKROOT; };
		224EFF8C15A6D27600CD541C /* GossipExample.app */ = {isa = PBXFileReference; explicitFileType = wrapper.application; includeInIndex = 0; path = GossipExample.app; sourceTree = BUILT_PRODUCTS_DIR; };
		224EFF8E15A6D27600CD541C /* UIKit.framework */ = {isa = PBXFileReference; lastKnownFileType = wrapper.framework; name = UIKit.framework; path = System/Library/Frameworks/UIKit.framework; sourceTree = SDKROOT; };
		224EFF9115A6D27600CD541C /* CoreGraphics.framework */ = {isa = PBXFileReference; lastKnownFileType = wrapper.framework; name = CoreGraphics.framework; path = System/Library/Frameworks/CoreGraphics.framework; sourceTree = SDKROOT; };
		224EFF9515A6D27600CD541C /* GossipExample-Info.plist */ = {isa = PBXFileReference; lastKnownFileType = text.plist.xml; path = "GossipExample-Info.plist"; sourceTree = "<group>"; };
		224EFF9715A6D27600CD541C /* en */ = {isa = PBXFileReference; lastKnownFileType = text.plist.strings; name = en; path = en.lproj/InfoPlist.strings; sourceTree = "<group>"; };
		224EFF9915A6D27600CD541C /* main.m */ = {isa = PBXFileReference; lastKnownFileType = sourcecode.c.objc; path = main.m; sourceTree = "<group>"; };
		224EFF9B15A6D27600CD541C /* GossipExample-Prefix.pch */ = {isa = PBXFileReference; lastKnownFileType = sourcecode.c.h; path = "GossipExample-Prefix.pch"; sourceTree = "<group>"; };
		224EFF9C15A6D27600CD541C /* GSEAppDelegate.h */ = {isa = PBXFileReference; lastKnownFileType = sourcecode.c.h; path = GSEAppDelegate.h; sourceTree = "<group>"; };
		224EFF9D15A6D27600CD541C /* GSEAppDelegate.m */ = {isa = PBXFileReference; lastKnownFileType = sourcecode.c.objc; path = GSEAppDelegate.m; sourceTree = "<group>"; };
		224EFFA915A6D37D00CD541C /* GSERootViewController.h */ = {isa = PBXFileReference; fileEncoding = 4; lastKnownFileType = sourcecode.c.h; path = GSERootViewController.h; sourceTree = "<group>"; };
		224EFFAA15A6D37D00CD541C /* GSERootViewController.m */ = {isa = PBXFileReference; fileEncoding = 4; lastKnownFileType = sourcecode.c.objc; path = GSERootViewController.m; sourceTree = "<group>"; };
		224EFFB215A6D7C300CD541C /* GSEConfigurationViewController.h */ = {isa = PBXFileReference; fileEncoding = 4; lastKnownFileType = sourcecode.c.h; path = GSEConfigurationViewController.h; sourceTree = "<group>"; };
		224EFFB315A6D7C300CD541C /* GSEConfigurationViewController.m */ = {isa = PBXFileReference; fileEncoding = 4; lastKnownFileType = sourcecode.c.objc; path = GSEConfigurationViewController.m; sourceTree = "<group>"; };
		22639ACD19718AC4004BD40C /* libg7221codec-arm-apple-darwin9.a */ = {isa = PBXFileReference; lastKnownFileType = archive.ar; name = "libg7221codec-arm-apple-darwin9.a"; path = "pjsip/lib/libg7221codec-arm-apple-darwin9.a"; sourceTree = "<group>"; };
		22639ACE19718AC4004BD40C /* libgsmcodec-arm-apple-darwin9.a */ = {isa = PBXFileReference; lastKnownFileType = archive.ar; name = "libgsmcodec-arm-apple-darwin9.a"; path = "pjsip/lib/libgsmcodec-arm-apple-darwin9.a"; sourceTree = "<group>"; };
		22639ACF19718AC4004BD40C /* libilbccodec-arm-apple-darwin9.a */ = {isa = PBXFileReference; lastKnownFileType = archive.ar; name = "libilbccodec-arm-apple-darwin9.a"; path = "pjsip/lib/libilbccodec-arm-apple-darwin9.a"; sourceTree = "<group>"; };
		22639AD019718AC4004BD40C /* libpj-arm-apple-darwin9.a */ = {isa = PBXFileReference; lastKnownFileType = archive.ar; name = "libpj-arm-apple-darwin9.a"; path = "pjsip/lib/libpj-arm-apple-darwin9.a"; sourceTree = "<group>"; };
		22639AD119718AC4004BD40C /* libpjlib-util-arm-apple-darwin9.a */ = {isa = PBXFileReference; lastKnownFileType = archive.ar; name = "libpjlib-util-arm-apple-darwin9.a"; path = "pjsip/lib/libpjlib-util-arm-apple-darwin9.a"; sourceTree = "<group>"; };
		22639AD219718AC4004BD40C /* libpjmedia-arm-apple-darwin9.a */ = {isa = PBXFileReference; lastKnownFileType = archive.ar; name = "libpjmedia-arm-apple-darwin9.a"; path = "pjsip/lib/libpjmedia-arm-apple-darwin9.a"; sourceTree = "<group>"; };
		22639AD319718AC4004BD40C /* libpjmedia-audiodev-arm-apple-darwin9.a */ = {isa = PBXFileReference; lastKnownFileType = archive.ar; name = "libpjmedia-audiodev-arm-apple-darwin9.a"; path = "pjsip/lib/libpjmedia-audiodev-arm-apple-darwin9.a"; sourceTree = "<group>"; };
		22639AD419718AC4004BD40C /* libpjmedia-codec-arm-apple-darwin9.a */ = {isa = PBXFileReference; lastKnownFileType = archive.ar; name = "libpjmedia-codec-arm-apple-darwin9.a"; path = "pjsip/lib/libpjmedia-codec-arm-apple-darwin9.a"; sourceTree = "<group>"; };
		22639AD519718AC4004BD40C /* libpjmedia-videodev-arm-apple-darwin9.a */ = {isa = PBXFileReference; lastKnownFileType = archive.ar; name = "libpjmedia-videodev-arm-apple-darwin9.a"; path = "pjsip/lib/libpjmedia-videodev-arm-apple-darwin9.a"; sourceTree = "<group>"; };
		22639AD619718AC4004BD40C /* libpjnath-arm-apple-darwin9.a */ = {isa = PBXFileReference; lastKnownFileType = archive.ar; name = "libpjnath-arm-apple-darwin9.a"; path = "pjsip/lib/libpjnath-arm-apple-darwin9.a"; sourceTree = "<group>"; };
		22639AD719718AC4004BD40C /* libpjsdp-arm-apple-darwin9.a */ = {isa = PBXFileReference; lastKnownFileType = archive.ar; name = "libpjsdp-arm-apple-darwin9.a"; path = "pjsip/lib/libpjsdp-arm-apple-darwin9.a"; sourceTree = "<group>"; };
		22639AD819718AC4004BD40C /* libpjsip-arm-apple-darwin9.a */ = {isa = PBXFileReference; lastKnownFileType = archive.ar; name = "libpjsip-arm-apple-darwin9.a"; path = "pjsip/lib/libpjsip-arm-apple-darwin9.a"; sourceTree = "<group>"; };
		22639AD919718AC4004BD40C /* libpjsip-simple-arm-apple-darwin9.a */ = {isa = PBXFileReference; lastKnownFileType = archive.ar; name = "libpjsip-simple-arm-apple-darwin9.a"; path = "pjsip/lib/libpjsip-simple-arm-apple-darwin9.a"; sourceTree = "<group>"; };
		22639ADA19718AC4004BD40C /* libpjsip-ua-arm-apple-darwin9.a */ = {isa = PBXFileReference; lastKnownFileType = archive.ar; name = "libpjsip-ua-arm-apple-darwin9.a"; path = "pjsip/lib/libpjsip-ua-arm-apple-darwin9.a"; sourceTree = "<group>"; };
		22639ADB19718AC4004BD40C /* libpjsua-arm-apple-darwin9.a */ = {isa = PBXFileReference; lastKnownFileType = archive.ar; name = "libpjsua-arm-apple-darwin9.a"; path = "pjsip/lib/libpjsua-arm-apple-darwin9.a"; sourceTree = "<group>"; };
		22639ADC19718AC4004BD40C /* libpjsua2-arm-apple-darwin9.a */ = {isa = PBXFileReference; lastKnownFileType = archive.ar; name = "libpjsua2-arm-apple-darwin9.a"; path = "pjsip/lib/libpjsua2-arm-apple-darwin9.a"; sourceTree = "<group>"; };
		22639ADD19718AC4004BD40C /* libresample-arm-apple-darwin9.a */ = {isa = PBXFileReference; lastKnownFileType = archive.ar; name = "libresample-arm-apple-darwin9.a"; path = "pjsip/lib/libresample-arm-apple-darwin9.a"; sourceTree = "<group>"; };
		22639ADE19718AC4004BD40C /* libspeex-arm-apple-darwin9.a */ = {isa = PBXFileReference; lastKnownFileType = archive.ar; name = "libspeex-arm-apple-darwin9.a"; path = "pjsip/lib/libspeex-arm-apple-darwin9.a"; sourceTree = "<group>"; };
		22639ADF19718AC4004BD40C /* libsrtp-arm-apple-darwin9.a */ = {isa = PBXFileReference; lastKnownFileType = archive.ar; name = "libsrtp-arm-apple-darwin9.a"; path = "pjsip/lib/libsrtp-arm-apple-darwin9.a"; sourceTree = "<group>"; };
		227D1BC6161ADE2D003247EB /* Default-568h@2x.png */ = {isa = PBXFileReference; lastKnownFileType = image.png; name = "Default-568h@2x.png"; path = "../Default-568h@2x.png"; sourceTree = "<group>"; };
		22AD824315A5987C0000D05C /* libGossip.a */ = {isa = PBXFileReference; explicitFileType = archive.ar; includeInIndex = 0; path = libGossip.a; sourceTree = BUILT_PRODUCTS_DIR; };
		22AD824615A5987C0000D05C /* Foundation.framework */ = {isa = PBXFileReference; lastKnownFileType = wrapper.framework; name = Foundation.framework; path = System/Library/Frameworks/Foundation.framework; sourceTree = SDKROOT; };
		22C0F0F115D52676006947BC /* ringtone.wav */ = {isa = PBXFileReference; lastKnownFileType = audio.wav; path = ringtone.wav; sourceTree = "<group>"; };
		22D43D8D15AAC90B0099C79F /* GSECallInitController.h */ = {isa = PBXFileReference; fileEncoding = 4; lastKnownFileType = sourcecode.c.h; path = GSECallInitController.h; sourceTree = "<group>"; };
		22D43D8E15AAC90B0099C79F /* GSECallInitController.m */ = {isa = PBXFileReference; fileEncoding = 4; lastKnownFileType = sourcecode.c.objc; path = GSECallInitController.m; sourceTree = "<group>"; };
		22D43D9215AACD680099C79F /* GSECallViewController.h */ = {isa = PBXFileReference; fileEncoding = 4; lastKnownFileType = sourcecode.c.h; path = GSECallViewController.h; sourceTree = "<group>"; };
		22D43D9315AACD680099C79F /* GSECallViewController.m */ = {isa = PBXFileReference; fileEncoding = 4; lastKnownFileType = sourcecode.c.objc; path = GSECallViewController.m; sourceTree = "<group>"; };
		22D43D9515AACFAD0099C79F /* GSECallViewController.xib */ = {isa = PBXFileReference; fileEncoding = 4; lastKnownFileType = file.xib; path = GSECallViewController.xib; sourceTree = "<group>"; };
/* End PBXFileReference section */

/* Begin PBXFrameworksBuildPhase section */
		224EFF8915A6D27600CD541C /* Frameworks */ = {
			isa = PBXFrameworksBuildPhase;
			buildActionMask = 2147483647;
			files = (
				12D105DF19946BEA00D21C2F /* libGossip.a in Frameworks */,
				224EFF8F15A6D27600CD541C /* UIKit.framework in Frameworks */,
				224EFF9015A6D27600CD541C /* Foundation.framework in Frameworks */,
				224EFF9215A6D27600CD541C /* CoreGraphics.framework in Frameworks */,
				2242FB8F15A6D8D400B34D4F /* CFNetwork.framework in Frameworks */,
				2242FB9015A6D8D600B34D4F /* CoreAudio.framework in Frameworks */,
				2242FB9515A6D90000B34D4F /* AVFoundation.framework in Frameworks */,
				2242FB9615A6D90000B34D4F /* AudioToolbox.framework in Frameworks */,
				224AFFF115A6E9C900CC5890 /* CoreMedia.framework in Frameworks */,
				224AFFF215A6E9C900CC5890 /* CoreVideo.framework in Frameworks */,
			);
			runOnlyForDeploymentPostprocessing = 0;
		};
		22AD824015A5987C0000D05C /* Frameworks */ = {
			isa = PBXFrameworksBuildPhase;
			buildActionMask = 2147483647;
			files = (
				224AFFF715A6E9F600CC5890 /* CoreGraphics.framework in Frameworks */,
				22639AE919718AC4004BD40C /* libpjnath-arm-apple-darwin9.a in Frameworks */,
				22639AE219718AC4004BD40C /* libilbccodec-arm-apple-darwin9.a in Frameworks */,
				22639AE019718AC4004BD40C /* libg7221codec-arm-apple-darwin9.a in Frameworks */,
				22639AE619718AC4004BD40C /* libpjmedia-audiodev-arm-apple-darwin9.a in Frameworks */,
				224AFFF315A6E9D200CC5890 /* AudioToolbox.framework in Frameworks */,
				22639AEC19718AC4004BD40C /* libpjsip-simple-arm-apple-darwin9.a in Frameworks */,
				22639AEE19718AC4004BD40C /* libpjsua-arm-apple-darwin9.a in Frameworks */,
				22639AE419718AC4004BD40C /* libpjlib-util-arm-apple-darwin9.a in Frameworks */,
				22639AF219718AC4004BD40C /* libsrtp-arm-apple-darwin9.a in Frameworks */,
				22639AE819718AC4004BD40C /* libpjmedia-videodev-arm-apple-darwin9.a in Frameworks */,
				22639AED19718AC4004BD40C /* libpjsip-ua-arm-apple-darwin9.a in Frameworks */,
				22639AE719718AC4004BD40C /* libpjmedia-codec-arm-apple-darwin9.a in Frameworks */,
				22639AE319718AC4004BD40C /* libpj-arm-apple-darwin9.a in Frameworks */,
				224AFFF415A6E9D200CC5890 /* AVFoundation.framework in Frameworks */,
				2242FB8D15A6D8B000B34D4F /* CFNetwork.framework in Frameworks */,
				22639AE119718AC4004BD40C /* libgsmcodec-arm-apple-darwin9.a in Frameworks */,
				22639AE519718AC4004BD40C /* libpjmedia-arm-apple-darwin9.a in Frameworks */,
				224AFFF515A6E9E200CC5890 /* CoreMedia.framework in Frameworks */,
				22639AF119718AC4004BD40C /* libspeex-arm-apple-darwin9.a in Frameworks */,
				22639AF019718AC4004BD40C /* libresample-arm-apple-darwin9.a in Frameworks */,
				224AFFF615A6E9E200CC5890 /* CoreVideo.framework in Frameworks */,
				22639AEA19718AC4004BD40C /* libpjsdp-arm-apple-darwin9.a in Frameworks */,
				2242FB8B15A6D8A500B34D4F /* CoreAudio.framework in Frameworks */,
				22AD824715A5987C0000D05C /* Foundation.framework in Frameworks */,
				22639AEB19718AC4004BD40C /* libpjsip-arm-apple-darwin9.a in Frameworks */,
				22639AEF19718AC4004BD40C /* libpjsua2-arm-apple-darwin9.a in Frameworks */,
			);
			runOnlyForDeploymentPostprocessing = 0;
		};
/* End PBXFrameworksBuildPhase section */

/* Begin PBXGroup section */
		224EFF9315A6D27600CD541C /* ExampleApp */ = {
			isa = PBXGroup;
			children = (
				227D1BC6161ADE2D003247EB /* Default-568h@2x.png */,
				224EFF9C15A6D27600CD541C /* GSEAppDelegate.h */,
				224EFF9D15A6D27600CD541C /* GSEAppDelegate.m */,
				22D43D8D15AAC90B0099C79F /* GSECallInitController.h */,
				22D43D8E15AAC90B0099C79F /* GSECallInitController.m */,
				22D43D9215AACD680099C79F /* GSECallViewController.h */,
				22D43D9315AACD680099C79F /* GSECallViewController.m */,
				22D43D9515AACFAD0099C79F /* GSECallViewController.xib */,
				221BED7D15B0310000464679 /* GSECodecsViewController.h */,
				221BED7E15B0310000464679 /* GSECodecsViewController.m */,
				224EFFB215A6D7C300CD541C /* GSEConfigurationViewController.h */,
				224EFFB315A6D7C300CD541C /* GSEConfigurationViewController.m */,
				224A004615A6FD9800CC5890 /* GSEMenuViewController.h */,
				224A004715A6FD9800CC5890 /* GSEMenuViewController.m */,
				224A004C15A6FFBC00CC5890 /* GSEMenuViewController.xib */,
				12D7B39519922C7900A0F34E /* GSEMessageInitController.h */,
				12D7B39619922C7900A0F34E /* GSEMessageInitController.m */,
				12D7B39919922EFD00A0F34E /* GSEMessageViewController.h */,
				12D7B39A19922EFD00A0F34E /* GSEMessageViewController.m */,
				224EFFA915A6D37D00CD541C /* GSERootViewController.h */,
				224EFFAA15A6D37D00CD541C /* GSERootViewController.m */,
				22C0F0F115D52676006947BC /* ringtone.wav */,
				224EFF9415A6D27600CD541C /* Supporting Files */,
				12CC94B719930954009F49AC /* GSEMessageModel.h */,
				12CC94B819930954009F49AC /* GSEMessageModel.m */,
			);
			name = ExampleApp;
			path = GossipExample;
			sourceTree = "<group>";
		};
		224EFF9415A6D27600CD541C /* Supporting Files */ = {
			isa = PBXGroup;
			children = (
				224EFF9115A6D27600CD541C /* CoreGraphics.framework */,
				224EFF8E15A6D27600CD541C /* UIKit.framework */,
				224EFF9915A6D27600CD541C /* main.m */,
				224EFF9B15A6D27600CD541C /* GossipExample-Prefix.pch */,
				224EFF9515A6D27600CD541C /* GossipExample-Info.plist */,
				224EFF9615A6D27600CD541C /* InfoPlist.strings */,
			);
			name = "Supporting Files";
			sourceTree = "<group>";
		};
		22AD823815A5987C0000D05C = {
			isa = PBXGroup;
			children = (
				224EFF9315A6D27600CD541C /* ExampleApp */,
				22AD824515A5987C0000D05C /* Frameworks */,
				22AD824815A5987C0000D05C /* Gossip */,
				22AD824415A5987C0000D05C /* Products */,
			);
			sourceTree = "<group>";
		};
		22AD824415A5987C0000D05C /* Products */ = {
			isa = PBXGroup;
			children = (
				22AD824315A5987C0000D05C /* libGossip.a */,
				224EFF8C15A6D27600CD541C /* GossipExample.app */,
			);
			name = Products;
			sourceTree = "<group>";
		};
		22AD824515A5987C0000D05C /* Frameworks */ = {
			isa = PBXGroup;
			children = (
				2242FB9115A6D8F500B34D4F /* AudioToolbox.framework */,
				2242FB9315A6D8FC00B34D4F /* AVFoundation.framework */,
				2242FB8C15A6D8B000B34D4F /* CFNetwork.framework */,
				2242FB8A15A6D8A500B34D4F /* CoreAudio.framework */,
				224AFFEF15A6E9C500CC5890 /* CoreMedia.framework */,
				224AFFED15A6E9AB00CC5890 /* CoreVideo.framework */,
				22AD824615A5987C0000D05C /* Foundation.framework */,
				22AD826415A59F7D0000D05C /* PJSIP */,
			);
			name = Frameworks;
			sourceTree = "<group>";
		};
		22AD824815A5987C0000D05C /* Gossip */ = {
			isa = PBXGroup;
			children = (
				12D1059F199469FD00D21C2F /* Gossip.h */,
				12D105A0199469FD00D21C2F /* GSAccount.h */,
				12D105A1199469FD00D21C2F /* GSAccount.m */,
				12D105A2199469FD00D21C2F /* GSAccount+Private.h */,
				12D105A3199469FD00D21C2F /* GSAccountConfiguration.h */,
				12D105A4199469FD00D21C2F /* GSAccountConfiguration.m */,
				12D105A5199469FD00D21C2F /* GSCall.h */,
				12D105A6199469FD00D21C2F /* GSCall.m */,
				12D105A7199469FD00D21C2F /* GSCall+Private.h */,
				12D105A8199469FD00D21C2F /* GSCodecInfo.h */,
				12D105A9199469FD00D21C2F /* GSCodecInfo.m */,
				12D105AA199469FD00D21C2F /* GSCodecInfo+Private.h */,
				12D105AB199469FD00D21C2F /* GSConfiguration.h */,
				12D105AC199469FD00D21C2F /* GSConfiguration.m */,
				12D105AD199469FD00D21C2F /* GSDispatch.h */,
				12D105AE199469FD00D21C2F /* GSDispatch.m */,
				12D105AF199469FD00D21C2F /* GSIncomingCall.h */,
				12D105B0199469FD00D21C2F /* GSIncomingCall.m */,
				12D105B1199469FD00D21C2F /* GSNotifications.h */,
				12D105B2199469FD00D21C2F /* GSNotifications.m */,
				12D105B3199469FD00D21C2F /* GSOutgoingCall.h */,
				12D105B4199469FD00D21C2F /* GSOutgoingCall.m */,
				12D105B5199469FD00D21C2F /* GSPJUtil.h */,
				12D105B6199469FD00D21C2F /* GSPJUtil.m */,
				12D105B7199469FD00D21C2F /* GSRingback.h */,
				12D105B8199469FD00D21C2F /* GSRingback.m */,
				12D105B9199469FD00D21C2F /* GSUserAgent.h */,
				12D105BA199469FD00D21C2F /* GSUserAgent.m */,
				12D105BB199469FD00D21C2F /* GSUserAgent+Private.h */,
				12D105BC199469FD00D21C2F /* PJSIP.h */,
				12D105BD199469FD00D21C2F /* Util.h */,
			);
			path = Gossip;
			sourceTree = "<group>";
		};
		22AD826415A59F7D0000D05C /* PJSIP */ = {
			isa = PBXGroup;
			children = (
				22639ACD19718AC4004BD40C /* libg7221codec-arm-apple-darwin9.a */,
				22639ACE19718AC4004BD40C /* libgsmcodec-arm-apple-darwin9.a */,
				22639ACF19718AC4004BD40C /* libilbccodec-arm-apple-darwin9.a */,
				22639AD019718AC4004BD40C /* libpj-arm-apple-darwin9.a */,
				22639AD119718AC4004BD40C /* libpjlib-util-arm-apple-darwin9.a */,
				22639AD219718AC4004BD40C /* libpjmedia-arm-apple-darwin9.a */,
				22639AD319718AC4004BD40C /* libpjmedia-audiodev-arm-apple-darwin9.a */,
				22639AD419718AC4004BD40C /* libpjmedia-codec-arm-apple-darwin9.a */,
				22639AD519718AC4004BD40C /* libpjmedia-videodev-arm-apple-darwin9.a */,
				22639AD619718AC4004BD40C /* libpjnath-arm-apple-darwin9.a */,
				22639AD719718AC4004BD40C /* libpjsdp-arm-apple-darwin9.a */,
				22639AD819718AC4004BD40C /* libpjsip-arm-apple-darwin9.a */,
				22639AD919718AC4004BD40C /* libpjsip-simple-arm-apple-darwin9.a */,
				22639ADA19718AC4004BD40C /* libpjsip-ua-arm-apple-darwin9.a */,
				22639ADB19718AC4004BD40C /* libpjsua-arm-apple-darwin9.a */,
				22639ADC19718AC4004BD40C /* libpjsua2-arm-apple-darwin9.a */,
				22639ADD19718AC4004BD40C /* libresample-arm-apple-darwin9.a */,
				22639ADE19718AC4004BD40C /* libspeex-arm-apple-darwin9.a */,
				22639ADF19718AC4004BD40C /* libsrtp-arm-apple-darwin9.a */,
			);
			name = PJSIP;
			sourceTree = "<group>";
		};
/* End PBXGroup section */

/* Begin PBXHeadersBuildPhase section */
		22AD824115A5987C0000D05C /* Headers */ = {
			isa = PBXHeadersBuildPhase;
			buildActionMask = 2147483647;
			files = (
				12D105D4199469FD00D21C2F /* GSPJUtil.h in Headers */,
				12D105C2199469FD00D21C2F /* GSAccountConfiguration.h in Headers */,
				12D105DC199469FD00D21C2F /* Util.h in Headers */,
				12CC94B919930954009F49AC /* GSEMessageModel.h in Headers */,
				12D7B39B19922EFD00A0F34E /* GSEMessageViewController.h in Headers */,
				12D105BF199469FD00D21C2F /* GSAccount.h in Headers */,
				12D105DA199469FD00D21C2F /* GSUserAgent+Private.h in Headers */,
				12D105D0199469FD00D21C2F /* GSNotifications.h in Headers */,
				12D105C6199469FD00D21C2F /* GSCall+Private.h in Headers */,
				12D105CC199469FD00D21C2F /* GSDispatch.h in Headers */,
				12D105D8199469FD00D21C2F /* GSUserAgent.h in Headers */,
				12D105CE199469FD00D21C2F /* GSIncomingCall.h in Headers */,
				12D105D2199469FD00D21C2F /* GSOutgoingCall.h in Headers */,
				12D105CA199469FD00D21C2F /* GSConfiguration.h in Headers */,
				12D105D6199469FD00D21C2F /* GSRingback.h in Headers */,
				12D105C7199469FD00D21C2F /* GSCodecInfo.h in Headers */,
				12D105C4199469FD00D21C2F /* GSCall.h in Headers */,
				12D105C9199469FD00D21C2F /* GSCodecInfo+Private.h in Headers */,
				12D7B39719922C7900A0F34E /* GSEMessageInitController.h in Headers */,
				12D105DB199469FD00D21C2F /* PJSIP.h in Headers */,
				12D105C1199469FD00D21C2F /* GSAccount+Private.h in Headers */,
				12D105BE199469FD00D21C2F /* Gossip.h in Headers */,
			);
			runOnlyForDeploymentPostprocessing = 0;
		};
/* End PBXHeadersBuildPhase section */

/* Begin PBXNativeTarget section */
		224EFF8B15A6D27600CD541C /* GossipExample */ = {
			isa = PBXNativeTarget;
			buildConfigurationList = 224EFF9F15A6D27600CD541C /* Build configuration list for PBXNativeTarget "GossipExample" */;
			buildPhases = (
				224EFF8815A6D27600CD541C /* Sources */,
				224EFF8915A6D27600CD541C /* Frameworks */,
				224EFF8A15A6D27600CD541C /* Resources */,
			);
			buildRules = (
			);
			dependencies = (
				12D105DE19946A4600D21C2F /* PBXTargetDependency */,
			);
			name = GossipExample;
			productName = GossipExample;
			productReference = 224EFF8C15A6D27600CD541C /* GossipExample.app */;
			productType = "com.apple.product-type.application";
		};
		22AD824215A5987C0000D05C /* Gossip */ = {
			isa = PBXNativeTarget;
			buildConfigurationList = 22AD825015A5987C0000D05C /* Build configuration list for PBXNativeTarget "Gossip" */;
			buildPhases = (
				22AD823F15A5987C0000D05C /* Sources */,
				22AD824015A5987C0000D05C /* Frameworks */,
				22AD824115A5987C0000D05C /* Headers */,
			);
			buildRules = (
			);
			dependencies = (
			);
			name = Gossip;
			productName = Gossip;
			productReference = 22AD824315A5987C0000D05C /* libGossip.a */;
			productType = "com.apple.product-type.library.static";
		};
/* End PBXNativeTarget section */

/* Begin PBXProject section */
		22AD823A15A5987C0000D05C /* Project object */ = {
			isa = PBXProject;
			attributes = {
				CLASSPREFIX = GS;
				LastUpgradeCheck = 0510;
				ORGANIZATIONNAME = "";
			};
			buildConfigurationList = 22AD823D15A5987C0000D05C /* Build configuration list for PBXProject "Gossip" */;
			compatibilityVersion = "Xcode 3.2";
			developmentRegion = English;
			hasScannedForEncodings = 0;
			knownRegions = (
				en,
			);
			mainGroup = 22AD823815A5987C0000D05C;
			productRefGroup = 22AD824415A5987C0000D05C /* Products */;
			projectDirPath = "";
			projectRoot = "";
			targets = (
				22AD824215A5987C0000D05C /* Gossip */,
				224EFF8B15A6D27600CD541C /* GossipExample */,
			);
		};
/* End PBXProject section */

/* Begin PBXResourcesBuildPhase section */
		224EFF8A15A6D27600CD541C /* Resources */ = {
			isa = PBXResourcesBuildPhase;
			buildActionMask = 2147483647;
			files = (
				224EFF9815A6D27600CD541C /* InfoPlist.strings in Resources */,
				224A004D15A6FFBC00CC5890 /* GSEMenuViewController.xib in Resources */,
				22D43D9615AACFAD0099C79F /* GSECallViewController.xib in Resources */,
				226F92B215DB9D260013A997 /* ringtone.wav in Resources */,
				227D1BC7161ADE2D003247EB /* Default-568h@2x.png in Resources */,
			);
			runOnlyForDeploymentPostprocessing = 0;
		};
/* End PBXResourcesBuildPhase section */

/* Begin PBXSourcesBuildPhase section */
		224EFF8815A6D27600CD541C /* Sources */ = {
			isa = PBXSourcesBuildPhase;
			buildActionMask = 2147483647;
			files = (
				224EFF9A15A6D27600CD541C /* main.m in Sources */,
				224EFF9E15A6D27600CD541C /* GSEAppDelegate.m in Sources */,
				224EFFAD15A6D39200CD541C /* GSERootViewController.m in Sources */,
				224EFFB615A6D7D000CD541C /* GSEConfigurationViewController.m in Sources */,
				224A004A15A6FD9B00CC5890 /* GSEMenuViewController.m in Sources */,
				22D43D9115AAC9120099C79F /* GSECallInitController.m in Sources */,
				22D43D9415AACD680099C79F /* GSECallViewController.m in Sources */,
				221BED7F15B0310000464679 /* GSECodecsViewController.m in Sources */,
			);
			runOnlyForDeploymentPostprocessing = 0;
		};
		22AD823F15A5987C0000D05C /* Sources */ = {
			isa = PBXSourcesBuildPhase;
			buildActionMask = 2147483647;
			files = (
				12D105D7199469FD00D21C2F /* GSRingback.m in Sources */,
				12D7B39819922C7900A0F34E /* GSEMessageInitController.m in Sources */,
				12D105D3199469FD00D21C2F /* GSOutgoingCall.m in Sources */,
				12D105C0199469FD00D21C2F /* GSAccount.m in Sources */,
				12CC94BA19930954009F49AC /* GSEMessageModel.m in Sources */,
				12D105D9199469FD00D21C2F /* GSUserAgent.m in Sources */,
				12D105CF199469FD00D21C2F /* GSIncomingCall.m in Sources */,
				12D105C8199469FD00D21C2F /* GSCodecInfo.m in Sources */,
				12D105C3199469FD00D21C2F /* GSAccountConfiguration.m in Sources */,
				12D7B39C19922EFD00A0F34E /* GSEMessageViewController.m in Sources */,
				12D105CB199469FD00D21C2F /* GSConfiguration.m in Sources */,
				12D105D5199469FD00D21C2F /* GSPJUtil.m in Sources */,
				12D105D1199469FD00D21C2F /* GSNotifications.m in Sources */,
				12D105CD199469FD00D21C2F /* GSDispatch.m in Sources */,
				12D105C5199469FD00D21C2F /* GSCall.m in Sources */,
			);
			runOnlyForDeploymentPostprocessing = 0;
		};
/* End PBXSourcesBuildPhase section */

/* Begin PBXTargetDependency section */
		12D105DE19946A4600D21C2F /* PBXTargetDependency */ = {
			isa = PBXTargetDependency;
			target = 22AD824215A5987C0000D05C /* Gossip */;
			targetProxy = 12D105DD19946A4600D21C2F /* PBXContainerItemProxy */;
		};
/* End PBXTargetDependency section */

/* Begin PBXVariantGroup section */
		224EFF9615A6D27600CD541C /* InfoPlist.strings */ = {
			isa = PBXVariantGroup;
			children = (
				224EFF9715A6D27600CD541C /* en */,
			);
			name = InfoPlist.strings;
			sourceTree = "<group>";
		};
/* End PBXVariantGroup section */

/* Begin XCBuildConfiguration section */
		224EFFA015A6D27600CD541C /* Debug */ = {
			isa = XCBuildConfiguration;
			buildSettings = {
				"CODE_SIGN_IDENTITY[sdk=iphoneos*]" = "iPhone Developer";
				GCC_PRECOMPILE_PREFIX_HEADER = YES;
				GCC_PREFIX_HEADER = "GossipExample/GossipExample-Prefix.pch";
				INFOPLIST_FILE = "GossipExample/GossipExample-Info.plist";
				LIBRARY_SEARCH_PATHS = (
					"$(inherited)",
					"\"$(SRCROOT)/pjsip/lib\"",
					"\"$(SRCROOT)/pjsip\"",
					"\"$(SRCROOT)/pjsip/src/third_party/lib\"",
				);
				OTHER_LDFLAGS = "";
				PRODUCT_NAME = "$(TARGET_NAME)";
				WRAPPER_EXTENSION = app;
			};
			name = Debug;
		};
		224EFFA115A6D27600CD541C /* Release */ = {
			isa = XCBuildConfiguration;
			buildSettings = {
				"CODE_SIGN_IDENTITY[sdk=iphoneos*]" = "iPhone Developer";
				GCC_PRECOMPILE_PREFIX_HEADER = YES;
				GCC_PREFIX_HEADER = "GossipExample/GossipExample-Prefix.pch";
				INFOPLIST_FILE = "GossipExample/GossipExample-Info.plist";
				LIBRARY_SEARCH_PATHS = (
					"$(inherited)",
					"\"$(SRCROOT)/pjsip/lib\"",
					"\"$(SRCROOT)/pjsip\"",
					"\"$(SRCROOT)/pjsip/src/third_party/lib\"",
				);
				OTHER_CFLAGS = "-DNS_BLOCK_ASSERTIONS=1";
				OTHER_LDFLAGS = "";
				PRODUCT_NAME = "$(TARGET_NAME)";
				WRAPPER_EXTENSION = app;
			};
			name = Release;
		};
		22AD824E15A5987C0000D05C /* Debug */ = {
			isa = XCBuildConfiguration;
			buildSettings = {
				CLANG_ENABLE_OBJC_ARC = YES;
				CLANG_WARN__DUPLICATE_METHOD_MATCH = YES;
				COPY_PHASE_STRIP = NO;
				GCC_OPTIMIZATION_LEVEL = 0;
				GCC_PREPROCESSOR_DEFINITIONS = (
					"DEBUG=1",
					"$(inherited)",
				);
				GCC_WARN_UNDECLARED_SELECTOR = YES;
				HEADER_SEARCH_PATHS = (
					"$(SRCROOT)/pjsip/src/pjlib/include",
					"$(SRCROOT)/pjsip/src/pjlib-util/include",
					"$(SRCROOT)/pjsip/src/pjmedia/include",
					"$(SRCROOT)/pjsip/src/pjnath/include",
					"$(SRCROOT)/pjsip/src/pjsip/include",
					"$(SRCROOT)/pjsip/src/third_party/resample/include",
					"$(SRCROOT)/pjsip/src/third_party/speex/include",
					"$(SRCROOT)/pjsip/src/third_party/srtp/crypto/include",
					"$(SRCROOT)/pjsip/src/third_party/srtp/include",
				);
				IPHONEOS_DEPLOYMENT_TARGET = 6.1;
				ONLY_ACTIVE_ARCH = YES;
				SDKROOT = iphoneos;
			};
			name = Debug;
		};
		22AD824F15A5987C0000D05C /* Release */ = {
			isa = XCBuildConfiguration;
			buildSettings = {
				CLANG_ENABLE_OBJC_ARC = YES;
				CLANG_WARN__DUPLICATE_METHOD_MATCH = YES;
				COPY_PHASE_STRIP = YES;
				GCC_WARN_UNDECLARED_SELECTOR = YES;
				HEADER_SEARCH_PATHS = (
					"$(SRCROOT)/pjsip/src/pjlib/include",
					"$(SRCROOT)/pjsip/src/pjlib-util/include",
					"$(SRCROOT)/pjsip/src/pjmedia/include",
					"$(SRCROOT)/pjsip/src/pjnath/include",
					"$(SRCROOT)/pjsip/src/pjsip/include",
					"$(SRCROOT)/pjsip/src/third_party/resample/include",
					"$(SRCROOT)/pjsip/src/third_party/speex/include",
					"$(SRCROOT)/pjsip/src/third_party/srtp/crypto/include",
					"$(SRCROOT)/pjsip/src/third_party/srtp/include",
				);
				IPHONEOS_DEPLOYMENT_TARGET = 6.1;
				SDKROOT = iphoneos;
			};
			name = Release;
		};
		22AD825115A5987C0000D05C /* Debug */ = {
			isa = XCBuildConfiguration;
			buildSettings = {
				DSTROOT = /tmp/Gossip.dst;
				GCC_PRECOMPILE_PREFIX_HEADER = YES;
				GCC_PREFIX_HEADER = "";
				HEADER_SEARCH_PATHS = (
					"$(SRCROOT)/pjsip/src/pjlib/include",
					"$(SRCROOT)/pjsip/src/pjlib-util/include",
					"$(SRCROOT)/pjsip/src/pjmedia/include",
					"$(SRCROOT)/pjsip/src/pjnath/include",
					"$(SRCROOT)/pjsip/src/pjsip/include",
					"$(SRCROOT)/pjsip/src/third_party/resample/include",
					"$(SRCROOT)/pjsip/src/third_party/speex/include",
					"$(SRCROOT)/pjsip/src/third_party/srtp/crypto/include",
					"$(SRCROOT)/pjsip/src/third_party/srtp/include",
				);
				LIBRARY_SEARCH_PATHS = (
					"$(inherited)",
					"\"$(SRCROOT)/pjsip/lib\"",
					"\"$(SRCROOT)/pjsip\"",
					"$(PROJECT_DIR)/pjsip/lib",
				);
				OTHER_LDFLAGS = "-ObjC";
				PRODUCT_NAME = "$(TARGET_NAME)";
				SKIP_INSTALL = YES;
			};
			name = Debug;
		};
		22AD825215A5987C0000D05C /* Release */ = {
			isa = XCBuildConfiguration;
			buildSettings = {
				DSTROOT = /tmp/Gossip.dst;
				GCC_PRECOMPILE_PREFIX_HEADER = YES;
				GCC_PREFIX_HEADER = "";
				HEADER_SEARCH_PATHS = (
					"$(SRCROOT)/pjsip/src/pjlib/include",
					"$(SRCROOT)/pjsip/src/pjlib-util/include",
					"$(SRCROOT)/pjsip/src/pjmedia/include",
					"$(SRCROOT)/pjsip/src/pjnath/include",
					"$(SRCROOT)/pjsip/src/pjsip/include",
					"$(SRCROOT)/pjsip/src/third_party/resample/include",
					"$(SRCROOT)/pjsip/src/third_party/speex/include",
					"$(SRCROOT)/pjsip/src/third_party/srtp/crypto/include",
					"$(SRCROOT)/pjsip/src/third_party/srtp/include",
				);
				LIBRARY_SEARCH_PATHS = (
					"$(inherited)",
					"\"$(SRCROOT)/pjsip/lib\"",
					"\"$(SRCROOT)/pjsip\"",
					"$(PROJECT_DIR)/pjsip/lib",
				);
				OTHER_LDFLAGS = "-ObjC";
				PRODUCT_NAME = "$(TARGET_NAME)";
				SKIP_INSTALL = YES;
			};
			name = Release;
		};
/* End XCBuildConfiguration section */

/* Begin XCConfigurationList section */
		224EFF9F15A6D27600CD541C /* Build configuration list for PBXNativeTarget "GossipExample" */ = {
			isa = XCConfigurationList;
			buildConfigurations = (
				224EFFA015A6D27600CD541C /* Debug */,
				224EFFA115A6D27600CD541C /* Release */,
			);
			defaultConfigurationIsVisible = 0;
			defaultConfigurationName = Release;
		};
		22AD823D15A5987C0000D05C /* Build configuration list for PBXProject "Gossip" */ = {
			isa = XCConfigurationList;
			buildConfigurations = (
				22AD824E15A5987C0000D05C /* Debug */,
				22AD824F15A5987C0000D05C /* Release */,
			);
			defaultConfigurationIsVisible = 0;
			defaultConfigurationName = Release;
		};
		22AD825015A5987C0000D05C /* Build configuration list for PBXNativeTarget "Gossip" */ = {
			isa = XCConfigurationList;
			buildConfigurations = (
				22AD825115A5987C0000D05C /* Debug */,
				22AD825215A5987C0000D05C /* Release */,
			);
			defaultConfigurationIsVisible = 0;
			defaultConfigurationName = Release;
		};
/* End XCConfigurationList section */
	};
	rootObject = 22AD823A15A5987C0000D05C /* Project object */;
}
